{
  "name": "@antix_development/webplus-cli",
  "version": "1.0.2",
  "lockfileVersion": 3,
  "requires": true,
  "packages": {
    "": {
      "name": "@antix_development/webplus-cli",
      "version": "1.0.2",
      "license": "MIT",
      "bin": {
        "webplus": "webplus.ps1"
      }
    }
  }
}
